
Microsoft Visual Studio Solution File, Format Version 12.00
# Visual Studio 2012
Project("{FAE04EC0-301F-11D3-BF4B-00C04F79EFBC}") = "ca.Web", "ca.Web\ca.Web.csproj", "{0027CBD9-8307-4E8D-8247-FB64A6B57B9D}"
EndProject
Project("{2150E333-8FDC-42A3-9474-1A3956D46DE8}") = ".nuget", ".nuget", "{F934CC05-54E7-4A14-AB52-A490A9CED483}"
	ProjectSection(SolutionItems) = preProject
		.nuget\NuGet.Config = .nuget\NuGet.Config
		.nuget\NuGet.exe = .nuget\NuGet.exe
		.nuget\NuGet.targets = .nuget\NuGet.targets
	EndProjectSection
EndProject
Global
	GlobalSection(SolutionConfigurationPlatforms) = preSolution
		Debug|Any CPU = Debug|Any CPU
		Release|Any CPU = Release|Any CPU
	EndGlobalSection
	GlobalSection(ProjectConfigurationPlatforms) = postSolution
		{0027CBD9-8307-4E8D-8247-FB64A6B57B9D}.Debug|Any CPU.ActiveCfg = Debug|Any CPU
		{0027CBD9-8307-4E8D-8247-FB64A6B57B9D}.Debug|Any CPU.Build.0 = Debug|Any CPU
		{0027CBD9-8307-4E8D-8247-FB64A6B57B9D}.Release|Any CPU.ActiveCfg = Release|Any CPU
		{0027CBD9-8307-4E8D-8247-FB64A6B57B9D}.Release|Any CPU.Build.0 = Release|Any CPU
	EndGlobalSection
	GlobalSection(SolutionProperties) = preSolution
		HideSolutionNode = FALSE
	EndGlobalSection
EndGlobal
